// !$*UTF8*$!
{
	archiveVersion = 1;
	classes = {
	};
	objectVersion = 51;
	objects = {

/* Begin PBXBuildFile section */
		537F579CFB725AF89433067D /* Pods_FacebookFriendsTests.framework in Frameworks */ = {isa = PBXBuildFile; fileRef = C0B9D40D881FDAD35E348583 /* Pods_FacebookFriendsTests.framework */; };
		6466D4BA13D6E8CFFD729F3A /* Pods_FacebookFriends.framework in Frameworks */ = {isa = PBXBuildFile; fileRef = AAF3E0B697B327DB57A7EF21 /* Pods_FacebookFriends.framework */; };
		A26C9731C410F3D77D145DDE /* Pods_FacebookFriends_FacebookFriendsUITests.framework in Frameworks */ = {isa = PBXBuildFile; fileRef = 80DAAE461CE9DEF1DDD7C19A /* Pods_FacebookFriends_FacebookFriendsUITests.framework */; };
		DF2806C82406D41700E3E08D /* FriendListViewController.swift in Sources */ = {isa = PBXBuildFile; fileRef = DF2806C72406D41700E3E08D /* FriendListViewController.swift */; };
		DF2806CA2406D42500E3E08D /* DetailViewController.swift in Sources */ = {isa = PBXBuildFile; fileRef = DF2806C92406D42500E3E08D /* DetailViewController.swift */; };
		DF2806CE2406DA4800E3E08D /* ShowAlert.swift in Sources */ = {isa = PBXBuildFile; fileRef = DF2806CD2406DA4800E3E08D /* ShowAlert.swift */; };
		DF2806D12406E0DF00E3E08D /* FriendListCell.swift in Sources */ = {isa = PBXBuildFile; fileRef = DF2806D02406E0DF00E3E08D /* FriendListCell.swift */; };
		DF7FFC8E2407DC3700865591 /* RealmManager.swift in Sources */ = {isa = PBXBuildFile; fileRef = DF7FFC8D2407DC3700865591 /* RealmManager.swift */; };
		DF7FFC922407DE3900865591 /* RealmList.swift in Sources */ = {isa = PBXBuildFile; fileRef = DF7FFC912407DE3900865591 /* RealmList.swift */; };
		DF7FFC942407DE4B00865591 /* RealmHome.swift in Sources */ = {isa = PBXBuildFile; fileRef = DF7FFC932407DE4B00865591 /* RealmHome.swift */; };
		DF7FFC962407DE6300865591 /* RealmFavoriteFriends.swift in Sources */ = {isa = PBXBuildFile; fileRef = DF7FFC952407DE6300865591 /* RealmFavoriteFriends.swift */; };
		DF7FFC982407DEB600865591 /* RealmItem.swift in Sources */ = {isa = PBXBuildFile; fileRef = DF7FFC972407DEB600865591 /* RealmItem.swift */; };
		DF7FFC9A2407DEC200865591 /* ResponseItem.swift in Sources */ = {isa = PBXBuildFile; fileRef = DF7FFC992407DEC200865591 /* ResponseItem.swift */; };
		DFB036472406815B0051E3A8 /* FacebookFriendsServices.swift in Sources */ = {isa = PBXBuildFile; fileRef = DFB036462406815B0051E3A8 /* FacebookFriendsServices.swift */; };
		DFB0364B24068BA60051E3A8 /* ViewModel.swift in Sources */ = {isa = PBXBuildFile; fileRef = DFB0364A24068BA60051E3A8 /* ViewModel.swift */; };
		DFB0364E2406B1CE0051E3A8 /* NavigationHelper.swift in Sources */ = {isa = PBXBuildFile; fileRef = DFB0364D2406B1CE0051E3A8 /* NavigationHelper.swift */; };
		DFB9AFA124057C430022B967 /* AppDelegate.swift in Sources */ = {isa = PBXBuildFile; fileRef = DFB9AFA024057C430022B967 /* AppDelegate.swift */; };
		DFB9AFA524057C430022B967 /* LoginViewController.swift in Sources */ = {isa = PBXBuildFile; fileRef = DFB9AFA424057C430022B967 /* LoginViewController.swift */; };
		DFB9AFA824057C430022B967 /* Main.storyboard in Resources */ = {isa = PBXBuildFile; fileRef = DFB9AFA624057C430022B967 /* Main.storyboard */; };
		DFB9AFAA24057C440022B967 /* Assets.xcassets in Resources */ = {isa = PBXBuildFile; fileRef = DFB9AFA924057C440022B967 /* Assets.xcassets */; };
		DFB9AFAD24057C440022B967 /* LaunchScreen.storyboard in Resources */ = {isa = PBXBuildFile; fileRef = DFB9AFAB24057C440022B967 /* LaunchScreen.storyboard */; };
		DFB9AFB824057C440022B967 /* FacebookFriendsTests.swift in Sources */ = {isa = PBXBuildFile; fileRef = DFB9AFB724057C440022B967 /* FacebookFriendsTests.swift */; };
		DFB9AFC324057C440022B967 /* FacebookFriendsUITests.swift in Sources */ = {isa = PBXBuildFile; fileRef = DFB9AFC224057C440022B967 /* FacebookFriendsUITests.swift */; };
		DFCDC75B240653BD00C07689 /* SceneDelegate.swift in Sources */ = {isa = PBXBuildFile; fileRef = DFCDC75A240653BC00C07689 /* SceneDelegate.swift */; };
		DFCDC75F24065DAE00C07689 /* ResponseList.swift in Sources */ = {isa = PBXBuildFile; fileRef = DFCDC75E24065DAE00C07689 /* ResponseList.swift */; };
		DFCDC761240665FE00C07689 /* Home.swift in Sources */ = {isa = PBXBuildFile; fileRef = DFCDC760240665FE00C07689 /* Home.swift */; };
		DFCDC7632406664D00C07689 /* FavoriteFriends.swift in Sources */ = {isa = PBXBuildFile; fileRef = DFCDC7622406664D00C07689 /* FavoriteFriends.swift */; };
/* End PBXBuildFile section */

/* Begin PBXContainerItemProxy section */
		DFB9AFB424057C440022B967 /* PBXContainerItemProxy */ = {
			isa = PBXContainerItemProxy;
			containerPortal = DFB9AF9524057C430022B967 /* Project object */;
			proxyType = 1;
			remoteGlobalIDString = DFB9AF9C24057C430022B967;
			remoteInfo = FacebookFriends;
		};
		DFB9AFBF24057C440022B967 /* PBXContainerItemProxy */ = {
			isa = PBXContainerItemProxy;
			containerPortal = DFB9AF9524057C430022B967 /* Project object */;
			proxyType = 1;
			remoteGlobalIDString = DFB9AF9C24057C430022B967;
			remoteInfo = FacebookFriends;
		};
/* End PBXContainerItemProxy section */

/* Begin PBXFileReference section */
		1FBA0ACA04F6EA11495446ED /* Pods-FacebookFriends-FacebookFriendsUITests.debug.xcconfig */ = {isa = PBXFileReference; includeInIndex = 1; lastKnownFileType = text.xcconfig; name = "Pods-FacebookFriends-FacebookFriendsUITests.debug.xcconfig"; path = "Target Support Files/Pods-FacebookFriends-FacebookFriendsUITests/Pods-FacebookFriends-FacebookFriendsUITests.debug.xcconfig"; sourceTree = "<group>"; };
		3D01A857C33CA0AB58FDBEC8 /* Pods-FacebookFriendsTests.debug.xcconfig */ = {isa = PBXFileReference; includeInIndex = 1; lastKnownFileType = text.xcconfig; name = "Pods-FacebookFriendsTests.debug.xcconfig"; path = "Target Support Files/Pods-FacebookFriendsTests/Pods-FacebookFriendsTests.debug.xcconfig"; sourceTree = "<group>"; };
		7348F2F6B3CF1E8464415C1F /* Pods-FacebookFriendsTests.release.xcconfig */ = {isa = PBXFileReference; includeInIndex = 1; lastKnownFileType = text.xcconfig; name = "Pods-FacebookFriendsTests.release.xcconfig"; path = "Target Support Files/Pods-FacebookFriendsTests/Pods-FacebookFriendsTests.release.xcconfig"; sourceTree = "<group>"; };
		80DAAE461CE9DEF1DDD7C19A /* Pods_FacebookFriends_FacebookFriendsUITests.framework */ = {isa = PBXFileReference; explicitFileType = wrapper.framework; includeInIndex = 0; path = Pods_FacebookFriends_FacebookFriendsUITests.framework; sourceTree = BUILT_PRODUCTS_DIR; };
		85A0F5DA315B2E7E7600A73C /* Pods-FacebookFriends.debug.xcconfig */ = {isa = PBXFileReference; includeInIndex = 1; lastKnownFileType = text.xcconfig; name = "Pods-FacebookFriends.debug.xcconfig"; path = "Target Support Files/Pods-FacebookFriends/Pods-FacebookFriends.debug.xcconfig"; sourceTree = "<group>"; };
		9E4BC1354166F3DA89A49FF6 /* Pods-FacebookFriends.release.xcconfig */ = {isa = PBXFileReference; includeInIndex = 1; lastKnownFileType = text.xcconfig; name = "Pods-FacebookFriends.release.xcconfig"; path = "Target Support Files/Pods-FacebookFriends/Pods-FacebookFriends.release.xcconfig"; sourceTree = "<group>"; };
		AAF3E0B697B327DB57A7EF21 /* Pods_FacebookFriends.framework */ = {isa = PBXFileReference; explicitFileType = wrapper.framework; includeInIndex = 0; path = Pods_FacebookFriends.framework; sourceTree = BUILT_PRODUCTS_DIR; };
		C0B9D40D881FDAD35E348583 /* Pods_FacebookFriendsTests.framework */ = {isa = PBXFileReference; explicitFileType = wrapper.framework; includeInIndex = 0; path = Pods_FacebookFriendsTests.framework; sourceTree = BUILT_PRODUCTS_DIR; };
		DF2806C72406D41700E3E08D /* FriendListViewController.swift */ = {isa = PBXFileReference; lastKnownFileType = sourcecode.swift; path = FriendListViewController.swift; sourceTree = "<group>"; };
		DF2806C92406D42500E3E08D /* DetailViewController.swift */ = {isa = PBXFileReference; lastKnownFileType = sourcecode.swift; path = DetailViewController.swift; sourceTree = "<group>"; };
		DF2806CD2406DA4800E3E08D /* ShowAlert.swift */ = {isa = PBXFileReference; lastKnownFileType = sourcecode.swift; path = ShowAlert.swift; sourceTree = "<group>"; };
		DF2806D02406E0DF00E3E08D /* FriendListCell.swift */ = {isa = PBXFileReference; lastKnownFileType = sourcecode.swift; path = FriendListCell.swift; sourceTree = "<group>"; };
		DF7FFC8D2407DC3700865591 /* RealmManager.swift */ = {isa = PBXFileReference; lastKnownFileType = sourcecode.swift; path = RealmManager.swift; sourceTree = "<group>"; };
		DF7FFC912407DE3900865591 /* RealmList.swift */ = {isa = PBXFileReference; lastKnownFileType = sourcecode.swift; path = RealmList.swift; sourceTree = "<group>"; };
		DF7FFC932407DE4B00865591 /* RealmHome.swift */ = {isa = PBXFileReference; lastKnownFileType = sourcecode.swift; path = RealmHome.swift; sourceTree = "<group>"; };
		DF7FFC952407DE6300865591 /* RealmFavoriteFriends.swift */ = {isa = PBXFileReference; lastKnownFileType = sourcecode.swift; path = RealmFavoriteFriends.swift; sourceTree = "<group>"; };
		DF7FFC972407DEB600865591 /* RealmItem.swift */ = {isa = PBXFileReference; lastKnownFileType = sourcecode.swift; path = RealmItem.swift; sourceTree = "<group>"; };
		DF7FFC992407DEC200865591 /* ResponseItem.swift */ = {isa = PBXFileReference; lastKnownFileType = sourcecode.swift; path = ResponseItem.swift; sourceTree = "<group>"; };
		DFB036462406815B0051E3A8 /* FacebookFriendsServices.swift */ = {isa = PBXFileReference; lastKnownFileType = sourcecode.swift; path = FacebookFriendsServices.swift; sourceTree = "<group>"; };
		DFB0364A24068BA60051E3A8 /* ViewModel.swift */ = {isa = PBXFileReference; lastKnownFileType = sourcecode.swift; path = ViewModel.swift; sourceTree = "<group>"; };
		DFB0364D2406B1CE0051E3A8 /* NavigationHelper.swift */ = {isa = PBXFileReference; lastKnownFileType = sourcecode.swift; path = NavigationHelper.swift; sourceTree = "<group>"; };
		DFB9AF9D24057C430022B967 /* FacebookFriends.app */ = {isa = PBXFileReference; explicitFileType = wrapper.application; includeInIndex = 0; path = FacebookFriends.app; sourceTree = BUILT_PRODUCTS_DIR; };
		DFB9AFA024057C430022B967 /* AppDelegate.swift */ = {isa = PBXFileReference; lastKnownFileType = sourcecode.swift; path = AppDelegate.swift; sourceTree = "<group>"; };
		DFB9AFA424057C430022B967 /* LoginViewController.swift */ = {isa = PBXFileReference; lastKnownFileType = sourcecode.swift; path = LoginViewController.swift; sourceTree = "<group>"; };
		DFB9AFA724057C430022B967 /* Base */ = {isa = PBXFileReference; lastKnownFileType = file.storyboard; name = Base; path = Base.lproj/Main.storyboard; sourceTree = "<group>"; };
		DFB9AFA924057C440022B967 /* Assets.xcassets */ = {isa = PBXFileReference; lastKnownFileType = folder.assetcatalog; path = Assets.xcassets; sourceTree = "<group>"; };
		DFB9AFAC24057C440022B967 /* Base */ = {isa = PBXFileReference; lastKnownFileType = file.storyboard; name = Base; path = Base.lproj/LaunchScreen.storyboard; sourceTree = "<group>"; };
		DFB9AFAE24057C440022B967 /* Info.plist */ = {isa = PBXFileReference; lastKnownFileType = text.plist.xml; path = Info.plist; sourceTree = "<group>"; };
		DFB9AFB324057C440022B967 /* FacebookFriendsTests.xctest */ = {isa = PBXFileReference; explicitFileType = wrapper.cfbundle; includeInIndex = 0; path = FacebookFriendsTests.xctest; sourceTree = BUILT_PRODUCTS_DIR; };
		DFB9AFB724057C440022B967 /* FacebookFriendsTests.swift */ = {isa = PBXFileReference; lastKnownFileType = sourcecode.swift; path = FacebookFriendsTests.swift; sourceTree = "<group>"; };
		DFB9AFB924057C440022B967 /* Info.plist */ = {isa = PBXFileReference; lastKnownFileType = text.plist.xml; path = Info.plist; sourceTree = "<group>"; };
		DFB9AFBE24057C440022B967 /* FacebookFriendsUITests.xctest */ = {isa = PBXFileReference; explicitFileType = wrapper.cfbundle; includeInIndex = 0; path = FacebookFriendsUITests.xctest; sourceTree = BUILT_PRODUCTS_DIR; };
		DFB9AFC224057C440022B967 /* FacebookFriendsUITests.swift */ = {isa = PBXFileReference; lastKnownFileType = sourcecode.swift; path = FacebookFriendsUITests.swift; sourceTree = "<group>"; };
		DFB9AFC424057C440022B967 /* Info.plist */ = {isa = PBXFileReference; lastKnownFileType = text.plist.xml; path = Info.plist; sourceTree = "<group>"; };
		DFCDC75A240653BC00C07689 /* SceneDelegate.swift */ = {isa = PBXFileReference; fileEncoding = 4; lastKnownFileType = sourcecode.swift; name = SceneDelegate.swift; path = ../../../sssssss/sssssss/SceneDelegate.swift; sourceTree = "<group>"; };
		DFCDC75E24065DAE00C07689 /* ResponseList.swift */ = {isa = PBXFileReference; lastKnownFileType = sourcecode.swift; path = ResponseList.swift; sourceTree = "<group>"; };
		DFCDC760240665FE00C07689 /* Home.swift */ = {isa = PBXFileReference; lastKnownFileType = sourcecode.swift; path = Home.swift; sourceTree = "<group>"; };
		DFCDC7622406664D00C07689 /* FavoriteFriends.swift */ = {isa = PBXFileReference; lastKnownFileType = sourcecode.swift; path = FavoriteFriends.swift; sourceTree = "<group>"; };
		E1CDBD2E0AFBC57ABBE525BB /* Pods-FacebookFriends-FacebookFriendsUITests.release.xcconfig */ = {isa = PBXFileReference; includeInIndex = 1; lastKnownFileType = text.xcconfig; name = "Pods-FacebookFriends-FacebookFriendsUITests.release.xcconfig"; path = "Target Support Files/Pods-FacebookFriends-FacebookFriendsUITests/Pods-FacebookFriends-FacebookFriendsUITests.release.xcconfig"; sourceTree = "<group>"; };
/* End PBXFileReference section */

/* Begin PBXFrameworksBuildPhase section */
		DFB9AF9A24057C430022B967 /* Frameworks */ = {
			isa = PBXFrameworksBuildPhase;
			buildActionMask = 2147483647;
			files = (
				6466D4BA13D6E8CFFD729F3A /* Pods_FacebookFriends.framework in Frameworks */,
			);
			runOnlyForDeploymentPostprocessing = 0;
		};
		DFB9AFB024057C440022B967 /* Frameworks */ = {
			isa = PBXFrameworksBuildPhase;
			buildActionMask = 2147483647;
			files = (
				537F579CFB725AF89433067D /* Pods_FacebookFriendsTests.framework in Frameworks */,
			);
			runOnlyForDeploymentPostprocessing = 0;
		};
		DFB9AFBB24057C440022B967 /* Frameworks */ = {
			isa = PBXFrameworksBuildPhase;
			buildActionMask = 2147483647;
			files = (
				A26C9731C410F3D77D145DDE /* Pods_FacebookFriends_FacebookFriendsUITests.framework in Frameworks */,
			);
			runOnlyForDeploymentPostprocessing = 0;
		};
/* End PBXFrameworksBuildPhase section */

/* Begin PBXGroup section */
		15A4A3D175028F914085B88C /* Frameworks */ = {
			isa = PBXGroup;
			children = (
				AAF3E0B697B327DB57A7EF21 /* Pods_FacebookFriends.framework */,
				80DAAE461CE9DEF1DDD7C19A /* Pods_FacebookFriends_FacebookFriendsUITests.framework */,
				C0B9D40D881FDAD35E348583 /* Pods_FacebookFriendsTests.framework */,
			);
			name = Frameworks;
			sourceTree = "<group>";
		};
		B768AA71AE139F0D21BB88CD /* Pods */ = {
			isa = PBXGroup;
			children = (
				85A0F5DA315B2E7E7600A73C /* Pods-FacebookFriends.debug.xcconfig */,
				9E4BC1354166F3DA89A49FF6 /* Pods-FacebookFriends.release.xcconfig */,
				1FBA0ACA04F6EA11495446ED /* Pods-FacebookFriends-FacebookFriendsUITests.debug.xcconfig */,
				E1CDBD2E0AFBC57ABBE525BB /* Pods-FacebookFriends-FacebookFriendsUITests.release.xcconfig */,
				3D01A857C33CA0AB58FDBEC8 /* Pods-FacebookFriendsTests.debug.xcconfig */,
				7348F2F6B3CF1E8464415C1F /* Pods-FacebookFriendsTests.release.xcconfig */,
			);
			path = Pods;
			sourceTree = "<group>";
		};
		DF2806CF2406E0B600E3E08D /* Cell */ = {
			isa = PBXGroup;
			children = (
				DF2806D02406E0DF00E3E08D /* FriendListCell.swift */,
			);
			path = Cell;
			sourceTree = "<group>";
		};
		DF7FFC8F2407DE0600865591 /* ResponseModel */ = {
			isa = PBXGroup;
			children = (
				DFCDC75E24065DAE00C07689 /* ResponseList.swift */,
				DFCDC760240665FE00C07689 /* Home.swift */,
				DFCDC7622406664D00C07689 /* FavoriteFriends.swift */,
				DF7FFC992407DEC200865591 /* ResponseItem.swift */,
			);
			path = ResponseModel;
			sourceTree = "<group>";
		};
		DF7FFC902407DE1600865591 /* RealmModel */ = {
			isa = PBXGroup;
			children = (
				DF7FFC912407DE3900865591 /* RealmList.swift */,
				DF7FFC932407DE4B00865591 /* RealmHome.swift */,
				DF7FFC952407DE6300865591 /* RealmFavoriteFriends.swift */,
				DF7FFC972407DEB600865591 /* RealmItem.swift */,
			);
			path = RealmModel;
			sourceTree = "<group>";
		};
		DFB03645240681060051E3A8 /* Network */ = {
			isa = PBXGroup;
			children = (
				DFB036462406815B0051E3A8 /* FacebookFriendsServices.swift */,
			);
			path = Network;
			sourceTree = "<group>";
		};
		DFB0364C2406B1AF0051E3A8 /* Managers */ = {
			isa = PBXGroup;
			children = (
				DF2806CD2406DA4800E3E08D /* ShowAlert.swift */,
				DFB0364D2406B1CE0051E3A8 /* NavigationHelper.swift */,
				DF7FFC8D2407DC3700865591 /* RealmManager.swift */,
			);
			path = Managers;
			sourceTree = "<group>";
		};
		DFB9AF9424057C430022B967 = {
			isa = PBXGroup;
			children = (
				DFB9AF9F24057C430022B967 /* FacebookFriends */,
				DFB9AFB624057C440022B967 /* FacebookFriendsTests */,
				DFB9AFC124057C440022B967 /* FacebookFriendsUITests */,
				DFB9AF9E24057C430022B967 /* Products */,
				B768AA71AE139F0D21BB88CD /* Pods */,
				15A4A3D175028F914085B88C /* Frameworks */,
			);
			sourceTree = "<group>";
		};
		DFB9AF9E24057C430022B967 /* Products */ = {
			isa = PBXGroup;
			children = (
				DFB9AF9D24057C430022B967 /* FacebookFriends.app */,
				DFB9AFB324057C440022B967 /* FacebookFriendsTests.xctest */,
				DFB9AFBE24057C440022B967 /* FacebookFriendsUITests.xctest */,
			);
			name = Products;
			sourceTree = "<group>";
		};
		DFB9AF9F24057C430022B967 /* FacebookFriends */ = {
			isa = PBXGroup;
			children = (
				DF2806CF2406E0B600E3E08D /* Cell */,
				DFB0364C2406B1AF0051E3A8 /* Managers */,
				DFB03645240681060051E3A8 /* Network */,
				DFB9AFD6240580530022B967 /* Resources */,
				DFB9AFD5240580350022B967 /* App */,
				DFB9AFD4240580270022B967 /* Storyboards */,
				DFB9AFD224057FE90022B967 /* Models */,
				DFB9AFD124057FD30022B967 /* ViewModels */,
				DFB9AFD024057FBE0022B967 /* ViewControllers */,
			);
			path = FacebookFriends;
			sourceTree = "<group>";
		};
		DFB9AFB624057C440022B967 /* FacebookFriendsTests */ = {
			isa = PBXGroup;
			children = (
				DFB9AFB724057C440022B967 /* FacebookFriendsTests.swift */,
				DFB9AFB924057C440022B967 /* Info.plist */,
			);
			path = FacebookFriendsTests;
			sourceTree = "<group>";
		};
		DFB9AFC124057C440022B967 /* FacebookFriendsUITests */ = {
			isa = PBXGroup;
			children = (
				DFB9AFC224057C440022B967 /* FacebookFriendsUITests.swift */,
				DFB9AFC424057C440022B967 /* Info.plist */,
			);
			path = FacebookFriendsUITests;
			sourceTree = "<group>";
		};
		DFB9AFD024057FBE0022B967 /* ViewControllers */ = {
			isa = PBXGroup;
			children = (
				DFB9AFA424057C430022B967 /* LoginViewController.swift */,
				DF2806C72406D41700E3E08D /* FriendListViewController.swift */,
				DF2806C92406D42500E3E08D /* DetailViewController.swift */,
			);
			path = ViewControllers;
			sourceTree = "<group>";
		};
		DFB9AFD124057FD30022B967 /* ViewModels */ = {
			isa = PBXGroup;
			children = (
				DFB0364A24068BA60051E3A8 /* ViewModel.swift */,
			);
			path = ViewModels;
			sourceTree = "<group>";
		};
		DFB9AFD224057FE90022B967 /* Models */ = {
			isa = PBXGroup;
			children = (
				DF7FFC902407DE1600865591 /* RealmModel */,
				DF7FFC8F2407DE0600865591 /* ResponseModel */,
			);
			path = Models;
			sourceTree = "<group>";
		};
		DFB9AFD4240580270022B967 /* Storyboards */ = {
			isa = PBXGroup;
			children = (
				DFB9AFAB24057C440022B967 /* LaunchScreen.storyboard */,
				DFB9AFA624057C430022B967 /* Main.storyboard */,
			);
			path = Storyboards;
			sourceTree = "<group>";
		};
		DFB9AFD5240580350022B967 /* App */ = {
			isa = PBXGroup;
			children = (
				DFB9AFA024057C430022B967 /* AppDelegate.swift */,
				DFCDC75A240653BC00C07689 /* SceneDelegate.swift */,
			);
			path = App;
			sourceTree = "<group>";
		};
		DFB9AFD6240580530022B967 /* Resources */ = {
			isa = PBXGroup;
			children = (
				DFB9AFAE24057C440022B967 /* Info.plist */,
				DFB9AFA924057C440022B967 /* Assets.xcassets */,
			);
			path = Resources;
			sourceTree = "<group>";
		};
/* End PBXGroup section */

/* Begin PBXNativeTarget section */
		DFB9AF9C24057C430022B967 /* FacebookFriends */ = {
			isa = PBXNativeTarget;
			buildConfigurationList = DFB9AFC724057C440022B967 /* Build configuration list for PBXNativeTarget "FacebookFriends" */;
			buildPhases = (
				36B41E12087055A334F12CB0 /* [CP] Check Pods Manifest.lock */,
				DFB9AF9924057C430022B967 /* Sources */,
				DFB9AF9A24057C430022B967 /* Frameworks */,
				DFB9AF9B24057C430022B967 /* Resources */,
				ABFA3023B2246B2F6C081875 /* [CP] Embed Pods Frameworks */,
			);
			buildRules = (
			);
			dependencies = (
			);
			name = FacebookFriends;
			productName = FacebookFriends;
			productReference = DFB9AF9D24057C430022B967 /* FacebookFriends.app */;
			productType = "com.apple.product-type.application";
		};
		DFB9AFB224057C440022B967 /* FacebookFriendsTests */ = {
			isa = PBXNativeTarget;
			buildConfigurationList = DFB9AFCA24057C440022B967 /* Build configuration list for PBXNativeTarget "FacebookFriendsTests" */;
			buildPhases = (
				A54886FFE07659A6CBF96809 /* [CP] Check Pods Manifest.lock */,
				DFB9AFAF24057C440022B967 /* Sources */,
				DFB9AFB024057C440022B967 /* Frameworks */,
				DFB9AFB124057C440022B967 /* Resources */,
			);
			buildRules = (
			);
			dependencies = (
				DFB9AFB524057C440022B967 /* PBXTargetDependency */,
			);
			name = FacebookFriendsTests;
			productName = FacebookFriendsTests;
			productReference = DFB9AFB324057C440022B967 /* FacebookFriendsTests.xctest */;
			productType = "com.apple.product-type.bundle.unit-test";
		};
		DFB9AFBD24057C440022B967 /* FacebookFriendsUITests */ = {
			isa = PBXNativeTarget;
			buildConfigurationList = DFB9AFCD24057C440022B967 /* Build configuration list for PBXNativeTarget "FacebookFriendsUITests" */;
			buildPhases = (
				C6CB2A6D505C2500D80229DA /* [CP] Check Pods Manifest.lock */,
				DFB9AFBA24057C440022B967 /* Sources */,
				DFB9AFBB24057C440022B967 /* Frameworks */,
				DFB9AFBC24057C440022B967 /* Resources */,
				2011888140F273B4E431E596 /* [CP] Embed Pods Frameworks */,
			);
			buildRules = (
			);
			dependencies = (
				DFB9AFC024057C440022B967 /* PBXTargetDependency */,
			);
			name = FacebookFriendsUITests;
			productName = FacebookFriendsUITests;
			productReference = DFB9AFBE24057C440022B967 /* FacebookFriendsUITests.xctest */;
			productType = "com.apple.product-type.bundle.ui-testing";
		};
/* End PBXNativeTarget section */

/* Begin PBXProject section */
		DFB9AF9524057C430022B967 /* Project object */ = {
			isa = PBXProject;
			attributes = {
				LastSwiftUpdateCheck = 1130;
				LastUpgradeCheck = 1130;
				ORGANIZATIONNAME = salihtopcu;
				TargetAttributes = {
					DFB9AF9C24057C430022B967 = {
						CreatedOnToolsVersion = 11.3;
					};
					DFB9AFB224057C440022B967 = {
						CreatedOnToolsVersion = 11.3;
						TestTargetID = DFB9AF9C24057C430022B967;
					};
					DFB9AFBD24057C440022B967 = {
						CreatedOnToolsVersion = 11.3;
						TestTargetID = DFB9AF9C24057C430022B967;
					};
				};
			};
			buildConfigurationList = DFB9AF9824057C430022B967 /* Build configuration list for PBXProject "FacebookFriends" */;
			compatibilityVersion = "Xcode 9.3";
			developmentRegion = en;
			hasScannedForEncodings = 0;
			knownRegions = (
				en,
				Base,
			);
			mainGroup = DFB9AF9424057C430022B967;
			productRefGroup = DFB9AF9E24057C430022B967 /* Products */;
			projectDirPath = "";
			projectRoot = "";
			targets = (
				DFB9AF9C24057C430022B967 /* FacebookFriends */,
				DFB9AFB224057C440022B967 /* FacebookFriendsTests */,
				DFB9AFBD24057C440022B967 /* FacebookFriendsUITests */,
			);
		};
/* End PBXProject section */

/* Begin PBXResourcesBuildPhase section */
		DFB9AF9B24057C430022B967 /* Resources */ = {
			isa = PBXResourcesBuildPhase;
			buildActionMask = 2147483647;
			files = (
				DFB9AFAD24057C440022B967 /* LaunchScreen.storyboard in Resources */,
				DFB9AFAA24057C440022B967 /* Assets.xcassets in Resources */,
				DFB9AFA824057C430022B967 /* Main.storyboard in Resources */,
			);
			runOnlyForDeploymentPostprocessing = 0;
		};
		DFB9AFB124057C440022B967 /* Resources */ = {
			isa = PBXResourcesBuildPhase;
			buildActionMask = 2147483647;
			files = (
			);
			runOnlyForDeploymentPostprocessing = 0;
		};
		DFB9AFBC24057C440022B967 /* Resources */ = {
			isa = PBXResourcesBuildPhase;
			buildActionMask = 2147483647;
			files = (
			);
			runOnlyForDeploymentPostprocessing = 0;
		};
/* End PBXResourcesBuildPhase section */

/* Begin PBXShellScriptBuildPhase section */
		2011888140F273B4E431E596 /* [CP] Embed Pods Frameworks */ = {
			isa = PBXShellScriptBuildPhase;
			buildActionMask = 2147483647;
			files = (
			);
			inputFileListPaths = (
				"${PODS_ROOT}/Target Support Files/Pods-FacebookFriends-FacebookFriendsUITests/Pods-FacebookFriends-FacebookFriendsUITests-frameworks-${CONFIGURATION}-input-files.xcfilelist",
			);
			name = "[CP] Embed Pods Frameworks";
			outputFileListPaths = (
				"${PODS_ROOT}/Target Support Files/Pods-FacebookFriends-FacebookFriendsUITests/Pods-FacebookFriends-FacebookFriendsUITests-frameworks-${CONFIGURATION}-output-files.xcfilelist",
			);
			runOnlyForDeploymentPostprocessing = 0;
			shellPath = /bin/sh;
			shellScript = "\"${PODS_ROOT}/Target Support Files/Pods-FacebookFriends-FacebookFriendsUITests/Pods-FacebookFriends-FacebookFriendsUITests-frameworks.sh\"\n";
			showEnvVarsInLog = 0;
		};
		36B41E12087055A334F12CB0 /* [CP] Check Pods Manifest.lock */ = {
			isa = PBXShellScriptBuildPhase;
			buildActionMask = 2147483647;
			files = (
			);
			inputFileListPaths = (
			);
			inputPaths = (
				"${PODS_PODFILE_DIR_PATH}/Podfile.lock",
				"${PODS_ROOT}/Manifest.lock",
			);
			name = "[CP] Check Pods Manifest.lock";
			outputFileListPaths = (
			);
			outputPaths = (
				"$(DERIVED_FILE_DIR)/Pods-FacebookFriends-checkManifestLockResult.txt",
			);
			runOnlyForDeploymentPostprocessing = 0;
			shellPath = /bin/sh;
			shellScript = "diff \"${PODS_PODFILE_DIR_PATH}/Podfile.lock\" \"${PODS_ROOT}/Manifest.lock\" > /dev/null\nif [ $? != 0 ] ; then\n    # print error to STDERR\n    echo \"error: The sandbox is not in sync with the Podfile.lock. Run 'pod install' or update your CocoaPods installation.\" >&2\n    exit 1\nfi\n# This output is used by Xcode 'outputs' to avoid re-running this script phase.\necho \"SUCCESS\" > \"${SCRIPT_OUTPUT_FILE_0}\"\n";
			showEnvVarsInLog = 0;
		};
		A54886FFE07659A6CBF96809 /* [CP] Check Pods Manifest.lock */ = {
			isa = PBXShellScriptBuildPhase;
			buildActionMask = 2147483647;
			files = (
			);
			inputFileListPaths = (
			);
			inputPaths = (
				"${PODS_PODFILE_DIR_PATH}/Podfile.lock",
				"${PODS_ROOT}/Manifest.lock",
			);
			name = "[CP] Check Pods Manifest.lock";
			outputFileListPaths = (
			);
			outputPaths = (
				"$(DERIVED_FILE_DIR)/Pods-FacebookFriendsTests-checkManifestLockResult.txt",
			);
			runOnlyForDeploymentPostprocessing = 0;
			shellPath = /bin/sh;
			shellScript = "diff \"${PODS_PODFILE_DIR_PATH}/Podfile.lock\" \"${PODS_ROOT}/Manifest.lock\" > /dev/null\nif [ $? != 0 ] ; then\n    # print error to STDERR\n    echo \"error: The sandbox is not in sync with the Podfile.lock. Run 'pod install' or update your CocoaPods installation.\" >&2\n    exit 1\nfi\n# This output is used by Xcode 'outputs' to avoid re-running this script phase.\necho \"SUCCESS\" > \"${SCRIPT_OUTPUT_FILE_0}\"\n";
			showEnvVarsInLog = 0;
		};
		ABFA3023B2246B2F6C081875 /* [CP] Embed Pods Frameworks */ = {
			isa = PBXShellScriptBuildPhase;
			buildActionMask = 2147483647;
			files = (
			);
			inputFileListPaths = (
				"${PODS_ROOT}/Target Support Files/Pods-FacebookFriends/Pods-FacebookFriends-frameworks-${CONFIGURATION}-input-files.xcfilelist",
			);
			name = "[CP] Embed Pods Frameworks";
			outputFileListPaths = (
				"${PODS_ROOT}/Target Support Files/Pods-FacebookFriends/Pods-FacebookFriends-frameworks-${CONFIGURATION}-output-files.xcfilelist",
			);
			runOnlyForDeploymentPostprocessing = 0;
			shellPath = /bin/sh;
			shellScript = "\"${PODS_ROOT}/Target Support Files/Pods-FacebookFriends/Pods-FacebookFriends-frameworks.sh\"\n";
			showEnvVarsInLog = 0;
		};
		C6CB2A6D505C2500D80229DA /* [CP] Check Pods Manifest.lock */ = {
			isa = PBXShellScriptBuildPhase;
			buildActionMask = 2147483647;
			files = (
			);
			inputFileListPaths = (
			);
			inputPaths = (
				"${PODS_PODFILE_DIR_PATH}/Podfile.lock",
				"${PODS_ROOT}/Manifest.lock",
			);
			name = "[CP] Check Pods Manifest.lock";
			outputFileListPaths = (
			);
			outputPaths = (
				"$(DERIVED_FILE_DIR)/Pods-FacebookFriends-FacebookFriendsUITests-checkManifestLockResult.txt",
			);
			runOnlyForDeploymentPostprocessing = 0;
			shellPath = /bin/sh;
			shellScript = "diff \"${PODS_PODFILE_DIR_PATH}/Podfile.lock\" \"${PODS_ROOT}/Manifest.lock\" > /dev/null\nif [ $? != 0 ] ; then\n    # print error to STDERR\n    echo \"error: The sandbox is not in sync with the Podfile.lock. Run 'pod install' or update your CocoaPods installation.\" >&2\n    exit 1\nfi\n# This output is used by Xcode 'outputs' to avoid re-running this script phase.\necho \"SUCCESS\" > \"${SCRIPT_OUTPUT_FILE_0}\"\n";
			showEnvVarsInLog = 0;
		};
/* End PBXShellScriptBuildPhase section */

/* Begin PBXSourcesBuildPhase section */
		DFB9AF9924057C430022B967 /* Sources */ = {
			isa = PBXSourcesBuildPhase;
			buildActionMask = 2147483647;
			files = (
				DF7FFC9A2407DEC200865591 /* ResponseItem.swift in Sources */,
				DF2806CA2406D42500E3E08D /* DetailViewController.swift in Sources */,
				DF2806C82406D41700E3E08D /* FriendListViewController.swift in Sources */,
				DFCDC75F24065DAE00C07689 /* ResponseList.swift in Sources */,
				DFB9AFA524057C430022B967 /* LoginViewController.swift in Sources */,
				DF7FFC942407DE4B00865591 /* RealmHome.swift in Sources */,
				DFCDC761240665FE00C07689 /* Home.swift in Sources */,
				DF7FFC8E2407DC3700865591 /* RealmManager.swift in Sources */,
				DFB9AFA124057C430022B967 /* AppDelegate.swift in Sources */,
				DFB036472406815B0051E3A8 /* FacebookFriendsServices.swift in Sources */,
				DF7FFC962407DE6300865591 /* RealmFavoriteFriends.swift in Sources */,
				DF7FFC982407DEB600865591 /* RealmItem.swift in Sources */,
				DF7FFC922407DE3900865591 /* RealmList.swift in Sources */,
				DF2806CE2406DA4800E3E08D /* ShowAlert.swift in Sources */,
				DF2806D12406E0DF00E3E08D /* FriendListCell.swift in Sources */,
				DFCDC75B240653BD00C07689 /* SceneDelegate.swift in Sources */,
				DFB0364B24068BA60051E3A8 /* ViewModel.swift in Sources */,
				DFB0364E2406B1CE0051E3A8 /* NavigationHelper.swift in Sources */,
				DFCDC7632406664D00C07689 /* FavoriteFriends.swift in Sources */,
			);
			runOnlyForDeploymentPostprocessing = 0;
		};
		DFB9AFAF24057C440022B967 /* Sources */ = {
			isa = PBXSourcesBuildPhase;
			buildActionMask = 2147483647;
			files = (
				DFB9AFB824057C440022B967 /* FacebookFriendsTests.swift in Sources */,
			);
			runOnlyForDeploymentPostprocessing = 0;
		};
		DFB9AFBA24057C440022B967 /* Sources */ = {
			isa = PBXSourcesBuildPhase;
			buildActionMask = 2147483647;
			files = (
				DFB9AFC324057C440022B967 /* FacebookFriendsUITests.swift in Sources */,
			);
			runOnlyForDeploymentPostprocessing = 0;
		};
/* End PBXSourcesBuildPhase section */

/* Begin PBXTargetDependency section */
		DFB9AFB524057C440022B967 /* PBXTargetDependency */ = {
			isa = PBXTargetDependency;
			target = DFB9AF9C24057C430022B967 /* FacebookFriends */;
			targetProxy = DFB9AFB424057C440022B967 /* PBXContainerItemProxy */;
		};
		DFB9AFC024057C440022B967 /* PBXTargetDependency */ = {
			isa = PBXTargetDependency;
			target = DFB9AF9C24057C430022B967 /* FacebookFriends */;
			targetProxy = DFB9AFBF24057C440022B967 /* PBXContainerItemProxy */;
		};
/* End PBXTargetDependency section */

/* Begin PBXVariantGroup section */
		DFB9AFA624057C430022B967 /* Main.storyboard */ = {
			isa = PBXVariantGroup;
			children = (
				DFB9AFA724057C430022B967 /* Base */,
			);
			name = Main.storyboard;
			sourceTree = "<group>";
		};
		DFB9AFAB24057C440022B967 /* LaunchScreen.storyboard */ = {
			isa = PBXVariantGroup;
			children = (
				DFB9AFAC24057C440022B967 /* Base */,
			);
			name = LaunchScreen.storyboard;
			sourceTree = "<group>";
		};
/* End PBXVariantGroup section */

/* Begin XCBuildConfiguration section */
		DFB9AFC524057C440022B967 /* Debug */ = {
			isa = XCBuildConfiguration;
			buildSettings = {
				ALWAYS_SEARCH_USER_PATHS = NO;
				CLANG_ANALYZER_NONNULL = YES;
				CLANG_ANALYZER_NUMBER_OBJECT_CONVERSION = YES_AGGRESSIVE;
				CLANG_CXX_LANGUAGE_STANDARD = "gnu++14";
				CLANG_CXX_LIBRARY = "libc++";
				CLANG_ENABLE_MODULES = YES;
				CLANG_ENABLE_OBJC_ARC = YES;
				CLANG_ENABLE_OBJC_WEAK = YES;
				CLANG_WARN_BLOCK_CAPTURE_AUTORELEASING = YES;
				CLANG_WARN_BOOL_CONVERSION = YES;
				CLANG_WARN_COMMA = YES;
				CLANG_WARN_CONSTANT_CONVERSION = YES;
				CLANG_WARN_DEPRECATED_OBJC_IMPLEMENTATIONS = YES;
				CLANG_WARN_DIRECT_OBJC_ISA_USAGE = YES_ERROR;
				CLANG_WARN_DOCUMENTATION_COMMENTS = YES;
				CLANG_WARN_EMPTY_BODY = YES;
				CLANG_WARN_ENUM_CONVERSION = YES;
				CLANG_WARN_INFINITE_RECURSION = YES;
				CLANG_WARN_INT_CONVERSION = YES;
				CLANG_WARN_NON_LITERAL_NULL_CONVERSION = YES;
				CLANG_WARN_OBJC_IMPLICIT_RETAIN_SELF = YES;
				CLANG_WARN_OBJC_LITERAL_CONVERSION = YES;
				CLANG_WARN_OBJC_ROOT_CLASS = YES_ERROR;
				CLANG_WARN_RANGE_LOOP_ANALYSIS = YES;
				CLANG_WARN_STRICT_PROTOTYPES = YES;
				CLANG_WARN_SUSPICIOUS_MOVE = YES;
				CLANG_WARN_UNGUARDED_AVAILABILITY = YES_AGGRESSIVE;
				CLANG_WARN_UNREACHABLE_CODE = YES;
				CLANG_WARN__DUPLICATE_METHOD_MATCH = YES;
				COPY_PHASE_STRIP = NO;
				DEBUG_INFORMATION_FORMAT = dwarf;
				ENABLE_STRICT_OBJC_MSGSEND = YES;
				ENABLE_TESTABILITY = YES;
				GCC_C_LANGUAGE_STANDARD = gnu11;
				GCC_DYNAMIC_NO_PIC = NO;
				GCC_NO_COMMON_BLOCKS = YES;
				GCC_OPTIMIZATION_LEVEL = 0;
				GCC_PREPROCESSOR_DEFINITIONS = (
					"DEBUG=1",
					"$(inherited)",
				);
				GCC_WARN_64_TO_32_BIT_CONVERSION = YES;
				GCC_WARN_ABOUT_RETURN_TYPE = YES_ERROR;
				GCC_WARN_UNDECLARED_SELECTOR = YES;
				GCC_WARN_UNINITIALIZED_AUTOS = YES_AGGRESSIVE;
				GCC_WARN_UNUSED_FUNCTION = YES;
				GCC_WARN_UNUSED_VARIABLE = YES;
				IPHONEOS_DEPLOYMENT_TARGET = 10.0;
				MTL_ENABLE_DEBUG_INFO = INCLUDE_SOURCE;
				MTL_FAST_MATH = YES;
				ONLY_ACTIVE_ARCH = YES;
				SDKROOT = iphoneos;
				SWIFT_ACTIVE_COMPILATION_CONDITIONS = DEBUG;
				SWIFT_OPTIMIZATION_LEVEL = "-Onone";
			};
			name = Debug;
		};
		DFB9AFC624057C440022B967 /* Release */ = {
			isa = XCBuildConfiguration;
			buildSettings = {
				ALWAYS_SEARCH_USER_PATHS = NO;
				CLANG_ANALYZER_NONNULL = YES;
				CLANG_ANALYZER_NUMBER_OBJECT_CONVERSION = YES_AGGRESSIVE;
				CLANG_CXX_LANGUAGE_STANDARD = "gnu++14";
				CLANG_CXX_LIBRARY = "libc++";
				CLANG_ENABLE_MODULES = YES;
				CLANG_ENABLE_OBJC_ARC = YES;
				CLANG_ENABLE_OBJC_WEAK = YES;
				CLANG_WARN_BLOCK_CAPTURE_AUTORELEASING = YES;
				CLANG_WARN_BOOL_CONVERSION = YES;
				CLANG_WARN_COMMA = YES;
				CLANG_WARN_CONSTANT_CONVERSION = YES;
				CLANG_WARN_DEPRECATED_OBJC_IMPLEMENTATIONS = YES;
				CLANG_WARN_DIRECT_OBJC_ISA_USAGE = YES_ERROR;
				CLANG_WARN_DOCUMENTATION_COMMENTS = YES;
				CLANG_WARN_EMPTY_BODY = YES;
				CLANG_WARN_ENUM_CONVERSION = YES;
				CLANG_WARN_INFINITE_RECURSION = YES;
				CLANG_WARN_INT_CONVERSION = YES;
				CLANG_WARN_NON_LITERAL_NULL_CONVERSION = YES;
				CLANG_WARN_OBJC_IMPLICIT_RETAIN_SELF = YES;
				CLANG_WARN_OBJC_LITERAL_CONVERSION = YES;
				CLANG_WARN_OBJC_ROOT_CLASS = YES_ERROR;
				CLANG_WARN_RANGE_LOOP_ANALYSIS = YES;
				CLANG_WARN_STRICT_PROTOTYPES = YES;
				CLANG_WARN_SUSPICIOUS_MOVE = YES;
				CLANG_WARN_UNGUARDED_AVAILABILITY = YES_AGGRESSIVE;
				CLANG_WARN_UNREACHABLE_CODE = YES;
				CLANG_WARN__DUPLICATE_METHOD_MATCH = YES;
				COPY_PHASE_STRIP = NO;
				DEBUG_INFORMATION_FORMAT = "dwarf-with-dsym";
				ENABLE_NS_ASSERTIONS = NO;
				ENABLE_STRICT_OBJC_MSGSEND = YES;
				GCC_C_LANGUAGE_STANDARD = gnu11;
				GCC_NO_COMMON_BLOCKS = YES;
				GCC_WARN_64_TO_32_BIT_CONVERSION = YES;
				GCC_WARN_ABOUT_RETURN_TYPE = YES_ERROR;
				GCC_WARN_UNDECLARED_SELECTOR = YES;
				GCC_WARN_UNINITIALIZED_AUTOS = YES_AGGRESSIVE;
				GCC_WARN_UNUSED_FUNCTION = YES;
				GCC_WARN_UNUSED_VARIABLE = YES;
				IPHONEOS_DEPLOYMENT_TARGET = 10.0;
				MTL_ENABLE_DEBUG_INFO = NO;
				MTL_FAST_MATH = YES;
				SDKROOT = iphoneos;
				SWIFT_COMPILATION_MODE = wholemodule;
				SWIFT_OPTIMIZATION_LEVEL = "-O";
				VALIDATE_PRODUCT = YES;
			};
			name = Release;
		};
		DFB9AFC824057C440022B967 /* Debug */ = {
			isa = XCBuildConfiguration;
			baseConfigurationReference = 85A0F5DA315B2E7E7600A73C /* Pods-FacebookFriends.debug.xcconfig */;
			buildSettings = {
				ASSETCATALOG_COMPILER_APPICON_NAME = AppIcon;
				CODE_SIGN_STYLE = Automatic;
				DEVELOPMENT_TEAM = FL35VJQBNQ;
				INFOPLIST_FILE = FacebookFriends/Resources/Info.plist;
				LD_RUNPATH_SEARCH_PATHS = (
					"$(inherited)",
					"@executable_path/Frameworks",
				);
				PRODUCT_BUNDLE_IDENTIFIER = "topcu.salih.-FacebookFriends.FacebookFriends";
				PRODUCT_NAME = "$(TARGET_NAME)";
				SWIFT_VERSION = 5.0;
				TARGETED_DEVICE_FAMILY = "1,2";
			};
			name = Debug;
		};
		DFB9AFC924057C440022B967 /* Release */ = {
			isa = XCBuildConfiguration;
			baseConfigurationReference = 9E4BC1354166F3DA89A49FF6 /* Pods-FacebookFriends.release.xcconfig */;
			buildSettings = {
				ASSETCATALOG_COMPILER_APPICON_NAME = AppIcon;
				CODE_SIGN_STYLE = Automatic;
				DEVELOPMENT_TEAM = FL35VJQBNQ;
				INFOPLIST_FILE = FacebookFriends/Resources/Info.plist;
				LD_RUNPATH_SEARCH_PATHS = (
					"$(inherited)",
					"@executable_path/Frameworks",
				);
				PRODUCT_BUNDLE_IDENTIFIER = "topcu.salih.-FacebookFriends.FacebookFriends";
				PRODUCT_NAME = "$(TARGET_NAME)";
				SWIFT_VERSION = 5.0;
				TARGETED_DEVICE_FAMILY = "1,2";
			};
			name = Release;
		};
		DFB9AFCB24057C440022B967 /* Debug */ = {
			isa = XCBuildConfiguration;
			baseConfigurationReference = 3D01A857C33CA0AB58FDBEC8 /* Pods-FacebookFriendsTests.debug.xcconfig */;
			buildSettings = {
				ALWAYS_EMBED_SWIFT_STANDARD_LIBRARIES = YES;
				BUNDLE_LOADER = "$(TEST_HOST)";
				CODE_SIGN_STYLE = Automatic;
				DEVELOPMENT_TEAM = FL35VJQBNQ;
				INFOPLIST_FILE = FacebookFriendsTests/Info.plist;
				IPHONEOS_DEPLOYMENT_TARGET = 13.2;
				LD_RUNPATH_SEARCH_PATHS = (
					"$(inherited)",
					"@executable_path/Frameworks",
					"@loader_path/Frameworks",
				);
				PRODUCT_BUNDLE_IDENTIFIER = "topcu.salih.-FacebookFriends.FacebookFriendsTests";
				PRODUCT_NAME = "$(TARGET_NAME)";
				SWIFT_VERSION = 5.0;
				TARGETED_DEVICE_FAMILY = "1,2";
				TEST_HOST = "$(BUILT_PRODUCTS_DIR)/FacebookFriends.app/FacebookFriends";
			};
			name = Debug;
		};
		DFB9AFCC24057C440022B967 /* Release */ = {
			isa = XCBuildConfiguration;
			baseConfigurationReference = 7348F2F6B3CF1E8464415C1F /* Pods-FacebookFriendsTests.release.xcconfig */;
			buildSettings = {
				ALWAYS_EMBED_SWIFT_STANDARD_LIBRARIES = YES;
				BUNDLE_LOADER = "$(TEST_HOST)";
				CODE_SIGN_STYLE = Automatic;
				DEVELOPMENT_TEAM = FL35VJQBNQ;
				INFOPLIST_FILE = FacebookFriendsTests/Info.plist;
				IPHONEOS_DEPLOYMENT_TARGET = 13.2;
				LD_RUNPATH_SEARCH_PATHS = (
					"$(inherited)",
					"@executable_path/Frameworks",
					"@loader_path/Frameworks",
				);
				PRODUCT_BUNDLE_IDENTIFIER = "topcu.salih.-FacebookFriends.FacebookFriendsTests";
				PRODUCT_NAME = "$(TARGET_NAME)";
				SWIFT_VERSION = 5.0;
				TARGETED_DEVICE_FAMILY = "1,2";
				TEST_HOST = "$(BUILT_PRODUCTS_DIR)/FacebookFriends.app/FacebookFriends";
			};
			name = Release;
		};
		DFB9AFCE24057C440022B967 /* Debug */ = {
			isa = XCBuildConfiguration;
			baseConfigurationReference = 1FBA0ACA04F6EA11495446ED /* Pods-FacebookFriends-FacebookFriendsUITests.debug.xcconfig */;
			buildSettings = {
				ALWAYS_EMBED_SWIFT_STANDARD_LIBRARIES = YES;
				CODE_SIGN_STYLE = Automatic;
				DEVELOPMENT_TEAM = FL35VJQBNQ;
				INFOPLIST_FILE = FacebookFriendsUITests/Info.plist;
				LD_RUNPATH_SEARCH_PATHS = (
					"$(inherited)",
					"@executable_path/Frameworks",
					"@loader_path/Frameworks",
				);
				PRODUCT_BUNDLE_IDENTIFIER = "topcu.salih.-FacebookFriends.FacebookFriendsUITests";
				PRODUCT_NAME = "$(TARGET_NAME)";
				SWIFT_VERSION = 5.0;
				TARGETED_DEVICE_FAMILY = "1,2";
				TEST_TARGET_NAME = FacebookFriends;
			};
			name = Debug;
		};
		DFB9AFCF24057C440022B967 /* Release */ = {
			isa = XCBuildConfiguration;
			baseConfigurationReference = E1CDBD2E0AFBC57ABBE525BB /* Pods-FacebookFriends-FacebookFriendsUITests.release.xcconfig */;
			buildSettings = {
				ALWAYS_EMBED_SWIFT_STANDARD_LIBRARIES = YES;
				CODE_SIGN_STYLE = Automatic;
				DEVELOPMENT_TEAM = FL35VJQBNQ;
				INFOPLIST_FILE = FacebookFriendsUITests/Info.plist;
				LD_RUNPATH_SEARCH_PATHS = (
					"$(inherited)",
					"@executable_path/Frameworks",
					"@loader_path/Frameworks",
				);
				PRODUCT_BUNDLE_IDENTIFIER = "topcu.salih.-FacebookFriends.FacebookFriendsUITests";
				PRODUCT_NAME = "$(TARGET_NAME)";
				SWIFT_VERSION = 5.0;
				TARGETED_DEVICE_FAMILY = "1,2";
				TEST_TARGET_NAME = FacebookFriends;
			};
			name = Release;
		};
/* End XCBuildConfiguration section */

/* Begin XCConfigurationList section */
		DFB9AF9824057C430022B967 /* Build configuration list for PBXProject "FacebookFriends" */ = {
			isa = XCConfigurationList;
			buildConfigurations = (
				DFB9AFC524057C440022B967 /* Debug */,
				DFB9AFC624057C440022B967 /* Release */,
			);
			defaultConfigurationIsVisible = 0;
			defaultConfigurationName = Release;
		};
		DFB9AFC724057C440022B967 /* Build configuration list for PBXNativeTarget "FacebookFriends" */ = {
			isa = XCConfigurationList;
			buildConfigurations = (
				DFB9AFC824057C440022B967 /* Debug */,
				DFB9AFC924057C440022B967 /* Release */,
			);
			defaultConfigurationIsVisible = 0;
			defaultConfigurationName = Release;
		};
		DFB9AFCA24057C440022B967 /* Build configuration list for PBXNativeTarget "FacebookFriendsTests" */ = {
			isa = XCConfigurationList;
			buildConfigurations = (
				DFB9AFCB24057C440022B967 /* Debug */,
				DFB9AFCC24057C440022B967 /* Release */,
			);
			defaultConfigurationIsVisible = 0;
			defaultConfigurationName = Release;
		};
		DFB9AFCD24057C440022B967 /* Build configuration list for PBXNativeTarget "FacebookFriendsUITests" */ = {
			isa = XCConfigurationList;
			buildConfigurations = (
				DFB9AFCE24057C440022B967 /* Debug */,
				DFB9AFCF24057C440022B967 /* Release */,
			);
			defaultConfigurationIsVisible = 0;
			defaultConfigurationName = Release;
		};
/* End XCConfigurationList section */
	};
	rootObject = DFB9AF9524057C430022B967 /* Project object */;
}
